
Microsoft Visual Studio Solution File, Format Version 12.00
# Visual Studio Version 17
VisualStudioVersion = 17.12.35527.113 d17.12
MinimumVisualStudioVersion = 10.0.40219.1
Project("{FAE04EC0-301F-11D3-BF4B-00C04F79EFBC}") = "Order.API", "Order.API\Order.API.csproj", "{33CEC2F1-93F9-4508-BC12-6A55414C69CD}"
EndProject
Project("{FAE04EC0-301F-11D3-BF4B-00C04F79EFBC}") = "Shared", "Shared\Shared.csproj", "{B0BC4DB4-E232-4729-B175-9765DDE8DB43}"
EndProject
Project("{FAE04EC0-301F-11D3-BF4B-00C04F79EFBC}") = "Stock.API", "Stock.API\Stock.API.csproj", "{133F1EA2-F017-4357-84F8-706E0BFFDD9C}"
EndProject
Project("{FAE04EC0-301F-11D3-BF4B-00C04F79EFBC}") = "Payment.API", "Payment.API\Payment.API.csproj", "{0133C30B-1058-41C1-BD87-77CD93DD8C30}"
EndProject
Project("{E53339B2-1760-4266-BCC7-CA923CBCF16C}") = "docker-compose", "docker-compose.dcproj", "{0D0A9D48-C98B-4583-B8D6-1AA671C176C8}"
EndProject
Global
	GlobalSection(SolutionConfigurationPlatforms) = preSolution
		Debug|Any CPU = Debug|Any CPU
		Release|Any CPU = Release|Any CPU
	EndGlobalSection
	GlobalSection(ProjectConfigurationPlatforms) = postSolution
		{33CEC2F1-93F9-4508-BC12-6A55414C69CD}.Debug|Any CPU.ActiveCfg = Debug|Any CPU
		{33CEC2F1-93F9-4508-BC12-6A55414C69CD}.Debug|Any CPU.Build.0 = Debug|Any CPU
		{33CEC2F1-93F9-4508-BC12-6A55414C69CD}.Release|Any CPU.ActiveCfg = Release|Any CPU
		{33CEC2F1-93F9-4508-BC12-6A55414C69CD}.Release|Any CPU.Build.0 = Release|Any CPU
		{B0BC4DB4-E232-4729-B175-9765DDE8DB43}.Debug|Any CPU.ActiveCfg = Debug|Any CPU
		{B0BC4DB4-E232-4729-B175-9765DDE8DB43}.Debug|Any CPU.Build.0 = Debug|Any CPU
		{B0BC4DB4-E232-4729-B175-9765DDE8DB43}.Release|Any CPU.ActiveCfg = Release|Any CPU
		{B0BC4DB4-E232-4729-B175-9765DDE8DB43}.Release|Any CPU.Build.0 = Release|Any CPU
		{133F1EA2-F017-4357-84F8-706E0BFFDD9C}.Debug|Any CPU.ActiveCfg = Debug|Any CPU
		{133F1EA2-F017-4357-84F8-706E0BFFDD9C}.Debug|Any CPU.Build.0 = Debug|Any CPU
		{133F1EA2-F017-4357-84F8-706E0BFFDD9C}.Release|Any CPU.ActiveCfg = Release|Any CPU
		{133F1EA2-F017-4357-84F8-706E0BFFDD9C}.Release|Any CPU.Build.0 = Release|Any CPU
		{0133C30B-1058-41C1-BD87-77CD93DD8C30}.Debug|Any CPU.ActiveCfg = Debug|Any CPU
		{0133C30B-1058-41C1-BD87-77CD93DD8C30}.Debug|Any CPU.Build.0 = Debug|Any CPU
		{0133C30B-1058-41C1-BD87-77CD93DD8C30}.Release|Any CPU.ActiveCfg = Release|Any CPU
		{0133C30B-1058-41C1-BD87-77CD93DD8C30}.Release|Any CPU.Build.0 = Release|Any CPU
		{0D0A9D48-C98B-4583-B8D6-1AA671C176C8}.Debug|Any CPU.ActiveCfg = Debug|Any CPU
		{0D0A9D48-C98B-4583-B8D6-1AA671C176C8}.Debug|Any CPU.Build.0 = Debug|Any CPU
		{0D0A9D48-C98B-4583-B8D6-1AA671C176C8}.Release|Any CPU.ActiveCfg = Release|Any CPU
		{0D0A9D48-C98B-4583-B8D6-1AA671C176C8}.Release|Any CPU.Build.0 = Release|Any CPU
	EndGlobalSection
	GlobalSection(SolutionProperties) = preSolution
		HideSolutionNode = FALSE
	EndGlobalSection
EndGlobal
